
Microsoft Visual Studio Solution File, Format Version 12.00
# Visual Studio Version 16
VisualStudioVersion = 16.0.32126.315
MinimumVisualStudioVersion = 10.0.40219.1
Project("{FAE04EC0-301F-11D3-BF4B-00C04F79EFBC}") = "magaza1", "magaza1\magaza1.csproj", "{0DAFB71F-8EAF-49F5-A12D-654A455C4DAB}"
EndProject
Global
	GlobalSection(SolutionConfigurationPlatforms) = preSolution
		Debug|Any CPU = Debug|Any CPU
		Release|Any CPU = Release|Any CPU
	EndGlobalSection
	GlobalSection(ProjectConfigurationPlatforms) = postSolution
		{0DAFB71F-8EAF-49F5-A12D-654A455C4DAB}.Debug|Any CPU.ActiveCfg = Debug|Any CPU
		{0DAFB71F-8EAF-49F5-A12D-654A455C4DAB}.Debug|Any CPU.Build.0 = Debug|Any CPU
		{0DAFB71F-8EAF-49F5-A12D-654A455C4DAB}.Release|Any CPU.ActiveCfg = Release|Any CPU
		{0DAFB71F-8EAF-49F5-A12D-654A455C4DAB}.Release|Any CPU.Build.0 = Release|Any CPU
	EndGlobalSection
	GlobalSection(SolutionProperties) = preSolution
		HideSolutionNode = FALSE
	EndGlobalSection
	GlobalSection(ExtensibilityGlobals) = postSolution
		SolutionGuid = {E8EA1423-5A54-4E9E-9335-AF62AF79D23F}
	EndGlobalSection
EndGlobal
